
Microsoft Visual Studio Solution File, Format Version 12.00
# Visual Studio Version 16
VisualStudioVersion = 16.0.31911.196
MinimumVisualStudioVersion = 10.0.40219.1
Project("{9A19103F-16F7-4668-BE54-9A1E7A4F7556}") = "KodiAddonLogCollector", "KodiAddons\KodiAddonLogCollector.csproj", "{D11DE21E-3C23-46F9-AFE0-3641C9F027D6}"
EndProject
Global
	GlobalSection(SolutionConfigurationPlatforms) = preSolution
		Debug|Any CPU = Debug|Any CPU
		Release|Any CPU = Release|Any CPU
	EndGlobalSection
	GlobalSection(ProjectConfigurationPlatforms) = postSolution
		{D11DE21E-3C23-46F9-AFE0-3641C9F027D6}.Debug|Any CPU.ActiveCfg = Debug|Any CPU
		{D11DE21E-3C23-46F9-AFE0-3641C9F027D6}.Debug|Any CPU.Build.0 = Debug|Any CPU
		{D11DE21E-3C23-46F9-AFE0-3641C9F027D6}.Release|Any CPU.ActiveCfg = Release|Any CPU
		{D11DE21E-3C23-46F9-AFE0-3641C9F027D6}.Release|Any CPU.Build.0 = Release|Any CPU
	EndGlobalSection
	GlobalSection(SolutionProperties) = preSolution
		HideSolutionNode = FALSE
	EndGlobalSection
	GlobalSection(ExtensibilityGlobals) = postSolution
		SolutionGuid = {184E1943-F2A2-434F-8266-AA1145776DC9}
	EndGlobalSection
EndGlobal
